
Microsoft Visual Studio Solution File, Format Version 12.00
# Visual Studio Version 17
VisualStudioVersion = 17.2.32616.157
MinimumVisualStudioVersion = 10.0.40219.1
Project("{9A19103F-16F7-4668-BE54-9A1E7A4F7556}") = "homework", "homework\homework.csproj", "{3E8AACC9-FE15-4609-9EA4-3B4E7A992200}"
EndProject
Project("{FAE04EC0-301F-11D3-BF4B-00C04F79EFBC}") = "flywight", "flywight\flywight.csproj", "{F709BE15-2F6A-4811-84C1-827BD6620067}"
EndProject
Global
	GlobalSection(SolutionConfigurationPlatforms) = preSolution
		Debug|Any CPU = Debug|Any CPU
		Release|Any CPU = Release|Any CPU
	EndGlobalSection
	GlobalSection(ProjectConfigurationPlatforms) = postSolution
		{3E8AACC9-FE15-4609-9EA4-3B4E7A992200}.Debug|Any CPU.ActiveCfg = Debug|Any CPU
		{3E8AACC9-FE15-4609-9EA4-3B4E7A992200}.Debug|Any CPU.Build.0 = Debug|Any CPU
		{3E8AACC9-FE15-4609-9EA4-3B4E7A992200}.Release|Any CPU.ActiveCfg = Release|Any CPU
		{3E8AACC9-FE15-4609-9EA4-3B4E7A992200}.Release|Any CPU.Build.0 = Release|Any CPU
		{F709BE15-2F6A-4811-84C1-827BD6620067}.Debug|Any CPU.ActiveCfg = Debug|Any CPU
		{F709BE15-2F6A-4811-84C1-827BD6620067}.Debug|Any CPU.Build.0 = Debug|Any CPU
		{F709BE15-2F6A-4811-84C1-827BD6620067}.Release|Any CPU.ActiveCfg = Release|Any CPU
		{F709BE15-2F6A-4811-84C1-827BD6620067}.Release|Any CPU.Build.0 = Release|Any CPU
	EndGlobalSection
	GlobalSection(SolutionProperties) = preSolution
		HideSolutionNode = FALSE
	EndGlobalSection
	GlobalSection(ExtensibilityGlobals) = postSolution
		SolutionGuid = {E5250FE7-8790-4100-9DF1-66EBDFA867A7}
	EndGlobalSection
EndGlobal
